
Microsoft Visual Studio Solution File, Format Version 12.00
# Visual Studio Version 17
VisualStudioVersion = 17.12.35527.113 d17.12
MinimumVisualStudioVersion = 10.0.40219.1
Project("{9A19103F-16F7-4668-BE54-9A1E7A4F7556}") = "SelfServiceVSC", "SelfServiceVSC\SelfServiceVSC.csproj", "{DE4A15E2-3FCF-4298-B3CC-737B8129BE95}"
EndProject
Project("{9A19103F-16F7-4668-BE54-9A1E7A4F7556}") = "FastDB", "..\FastDB\FastDB.csproj", "{2AA0BA65-26A8-4505-AADB-AB59C2767A00}"
EndProject
Project("{9A19103F-16F7-4668-BE54-9A1E7A4F7556}") = "Logger", "..\Logger\Logger.csproj", "{972C3991-F838-4E31-A438-42F6DCFB1776}"
EndProject
Project("{FAE04EC0-301F-11D3-BF4B-00C04F79EFBC}") = "SelfServiceVSC.DAL", "SelfServiceVSC.DAL\SelfServiceVSC.DAL.csproj", "{80647346-A806-4D25-B0C6-0E0581235958}"
EndProject
Global
	GlobalSection(SolutionConfigurationPlatforms) = preSolution
		Debug|Any CPU = Debug|Any CPU
		Release|Any CPU = Release|Any CPU
	EndGlobalSection
	GlobalSection(ProjectConfigurationPlatforms) = postSolution
		{DE4A15E2-3FCF-4298-B3CC-737B8129BE95}.Debug|Any CPU.ActiveCfg = Debug|Any CPU
		{DE4A15E2-3FCF-4298-B3CC-737B8129BE95}.Debug|Any CPU.Build.0 = Debug|Any CPU
		{DE4A15E2-3FCF-4298-B3CC-737B8129BE95}.Release|Any CPU.ActiveCfg = Release|Any CPU
		{DE4A15E2-3FCF-4298-B3CC-737B8129BE95}.Release|Any CPU.Build.0 = Release|Any CPU
		{2AA0BA65-26A8-4505-AADB-AB59C2767A00}.Debug|Any CPU.ActiveCfg = Debug|Any CPU
		{2AA0BA65-26A8-4505-AADB-AB59C2767A00}.Debug|Any CPU.Build.0 = Debug|Any CPU
		{2AA0BA65-26A8-4505-AADB-AB59C2767A00}.Release|Any CPU.ActiveCfg = Release|Any CPU
		{2AA0BA65-26A8-4505-AADB-AB59C2767A00}.Release|Any CPU.Build.0 = Release|Any CPU
		{972C3991-F838-4E31-A438-42F6DCFB1776}.Debug|Any CPU.ActiveCfg = Debug|Any CPU
		{972C3991-F838-4E31-A438-42F6DCFB1776}.Debug|Any CPU.Build.0 = Debug|Any CPU
		{972C3991-F838-4E31-A438-42F6DCFB1776}.Release|Any CPU.ActiveCfg = Release|Any CPU
		{972C3991-F838-4E31-A438-42F6DCFB1776}.Release|Any CPU.Build.0 = Release|Any CPU
		{80647346-A806-4D25-B0C6-0E0581235958}.Debug|Any CPU.ActiveCfg = Debug|Any CPU
		{80647346-A806-4D25-B0C6-0E0581235958}.Debug|Any CPU.Build.0 = Debug|Any CPU
		{80647346-A806-4D25-B0C6-0E0581235958}.Release|Any CPU.ActiveCfg = Release|Any CPU
		{80647346-A806-4D25-B0C6-0E0581235958}.Release|Any CPU.Build.0 = Release|Any CPU
	EndGlobalSection
	GlobalSection(SolutionProperties) = preSolution
		HideSolutionNode = FALSE
	EndGlobalSection
	GlobalSection(ExtensibilityGlobals) = postSolution
		SolutionGuid = {C857BA81-F473-4CC5-B92F-A2A99F0D8105}
	EndGlobalSection
EndGlobal
